
Microsoft Visual Studio Solution File, Format Version 12.00
# Visual Studio Version 17
VisualStudioVersion = 17.14.36301.6 d17.14
MinimumVisualStudioVersion = 10.0.40219.1
Project("{FAE04EC0-301F-11D3-BF4B-00C04F79EFBC}") = "LunchApp.Client", "LunchApp.Client\LunchApp.Client.csproj", "{C8D91EF3-4412-47A9-8C72-02D591FCD883}"
EndProject
Project("{FAE04EC0-301F-11D3-BF4B-00C04F79EFBC}") = "LunchApp.Silo", "LunchApp.Silo\LunchApp.Silo.csproj", "{EC013420-E334-44C0-BE67-7439687B5C84}"
EndProject
Project("{FAE04EC0-301F-11D3-BF4B-00C04F79EFBC}") = "LunchApp.Grains", "LunchApp.Grains\LunchApp.Grains.csproj", "{9A627344-0F75-431F-B7E6-FC251CC441E7}"
EndProject
Global
	GlobalSection(SolutionConfigurationPlatforms) = preSolution
		Debug|Any CPU = Debug|Any CPU
		Release|Any CPU = Release|Any CPU
	EndGlobalSection
	GlobalSection(ProjectConfigurationPlatforms) = postSolution
		{C8D91EF3-4412-47A9-8C72-02D591FCD883}.Debug|Any CPU.ActiveCfg = Debug|Any CPU
		{C8D91EF3-4412-47A9-8C72-02D591FCD883}.Debug|Any CPU.Build.0 = Debug|Any CPU
		{C8D91EF3-4412-47A9-8C72-02D591FCD883}.Release|Any CPU.ActiveCfg = Release|Any CPU
		{C8D91EF3-4412-47A9-8C72-02D591FCD883}.Release|Any CPU.Build.0 = Release|Any CPU
		{EC013420-E334-44C0-BE67-7439687B5C84}.Debug|Any CPU.ActiveCfg = Debug|Any CPU
		{EC013420-E334-44C0-BE67-7439687B5C84}.Debug|Any CPU.Build.0 = Debug|Any CPU
		{EC013420-E334-44C0-BE67-7439687B5C84}.Release|Any CPU.ActiveCfg = Release|Any CPU
		{EC013420-E334-44C0-BE67-7439687B5C84}.Release|Any CPU.Build.0 = Release|Any CPU
		{9A627344-0F75-431F-B7E6-FC251CC441E7}.Debug|Any CPU.ActiveCfg = Debug|Any CPU
		{9A627344-0F75-431F-B7E6-FC251CC441E7}.Debug|Any CPU.Build.0 = Debug|Any CPU
		{9A627344-0F75-431F-B7E6-FC251CC441E7}.Release|Any CPU.ActiveCfg = Release|Any CPU
		{9A627344-0F75-431F-B7E6-FC251CC441E7}.Release|Any CPU.Build.0 = Release|Any CPU
	EndGlobalSection
	GlobalSection(SolutionProperties) = preSolution
		HideSolutionNode = FALSE
	EndGlobalSection
	GlobalSection(ExtensibilityGlobals) = postSolution
		SolutionGuid = {0AA313B5-809E-47EA-9785-3E950CF1D77C}
	EndGlobalSection
EndGlobal
